PODS:
  - OpenWhisk (0.2.0)

DEPENDENCIES:
  - OpenWhisk (from `https://github.com/openwhisk/openwhisk-client-swift.git`, tag `0.2.1`)

EXTERNAL SOURCES:
  OpenWhisk:
    :git: https://github.com/openwhisk/openwhisk-client-swift.git
    :tag: 0.2.1

CHECKOUT OPTIONS:
  OpenWhisk:
    :git: https://github.com/openwhisk/openwhisk-client-swift.git
    :tag: 0.2.1

SPEC CHECKSUMS:
  OpenWhisk: 7c94c01eba086cc316ee3c5dc1bd6c8f5c94f974

PODFILE CHECKSUM: 8a016a8bdf3f465bb801a2de6def02811eef17a5

COCOAPODS: 1.1.1
